
Microsoft Visual Studio Solution File, Format Version 12.00
# Visual Studio Version 17
VisualStudioVersion = 17.13.35913.81
MinimumVisualStudioVersion = 10.0.40219.1
Project("{FAE04EC0-301F-11D3-BF4B-00C04F79EFBC}") = "karastsuba", "karastsuba.csproj", "{7D6DEF4A-231E-45DA-8F89-98E87B20D444}"
EndProject
Global
	GlobalSection(SolutionConfigurationPlatforms) = preSolution
		Debug|Any CPU = Debug|Any CPU
		Release|Any CPU = Release|Any CPU
	EndGlobalSection
	GlobalSection(ProjectConfigurationPlatforms) = postSolution
		{7D6DEF4A-231E-45DA-8F89-98E87B20D444}.Debug|Any CPU.ActiveCfg = Debug|Any CPU
		{7D6DEF4A-231E-45DA-8F89-98E87B20D444}.Debug|Any CPU.Build.0 = Debug|Any CPU
		{7D6DEF4A-231E-45DA-8F89-98E87B20D444}.Release|Any CPU.ActiveCfg = Release|Any CPU
		{7D6DEF4A-231E-45DA-8F89-98E87B20D444}.Release|Any CPU.Build.0 = Release|Any CPU
	EndGlobalSection
	GlobalSection(SolutionProperties) = preSolution
		HideSolutionNode = FALSE
	EndGlobalSection
	GlobalSection(ExtensibilityGlobals) = postSolution
		SolutionGuid = {31398E25-1B30-4B32-AF24-511D7A58101D}
	EndGlobalSection
EndGlobal
